// !$*UTF8*$!
{
	archiveVersion = 1;
	classes = {
	};
	objectVersion = 51;
	objects = {

/* Begin PBXBuildFile section */
		B050A1382672720C00EABCA1 /* AppDelegate.swift in Sources */ = {isa = PBXBuildFile; fileRef = B050A1372672720C00EABCA1 /* AppDelegate.swift */; };
		B050A13A2672720C00EABCA1 /* SceneDelegate.swift in Sources */ = {isa = PBXBuildFile; fileRef = B050A1392672720C00EABCA1 /* SceneDelegate.swift */; };
		B050A13C2672720C00EABCA1 /* ViewController.swift in Sources */ = {isa = PBXBuildFile; fileRef = B050A13B2672720C00EABCA1 /* ViewController.swift */; };
		B050A13F2672720C00EABCA1 /* Main.storyboard in Resources */ = {isa = PBXBuildFile; fileRef = B050A13D2672720C00EABCA1 /* Main.storyboard */; };
		B050A1412672720F00EABCA1 /* Assets.xcassets in Resources */ = {isa = PBXBuildFile; fileRef = B050A1402672720F00EABCA1 /* Assets.xcassets */; };
		B050A1442672720F00EABCA1 /* LaunchScreen.storyboard in Resources */ = {isa = PBXBuildFile; fileRef = B050A1422672720F00EABCA1 /* LaunchScreen.storyboard */; };
		B050A14D2672728200EABCA1 /* GoogleService-Info.plist in Resources */ = {isa = PBXBuildFile; fileRef = B050A14C2672728200EABCA1 /* GoogleService-Info.plist */; };
		B0F718D4267281DF003B058E /* AuthUser.swift in Sources */ = {isa = PBXBuildFile; fileRef = B0F718D3267281DF003B058E /* AuthUser.swift */; };
		B0F718D72672826A003B058E /* User.swift in Sources */ = {isa = PBXBuildFile; fileRef = B0F718D62672826A003B058E /* User.swift */; };
		B0F718DA2672846B003B058E /* UserProfileViewController.swift in Sources */ = {isa = PBXBuildFile; fileRef = B0F718D92672846B003B058E /* UserProfileViewController.swift */; };
		E7FEC0DCEA404C47EDF778B5 /* Pods_testFirebase.framework in Frameworks */ = {isa = PBXBuildFile; fileRef = 4D806B1FD45A3FE0B7D231B6 /* Pods_testFirebase.framework */; };
/* End PBXBuildFile section */

/* Begin PBXFileReference section */
		1BAFCA4DD375917B826B67C7 /* Pods-testFirebase.release.xcconfig */ = {isa = PBXFileReference; includeInIndex = 1; lastKnownFileType = text.xcconfig; name = "Pods-testFirebase.release.xcconfig"; path = "Target Support Files/Pods-testFirebase/Pods-testFirebase.release.xcconfig"; sourceTree = "<group>"; };
		4D806B1FD45A3FE0B7D231B6 /* Pods_testFirebase.framework */ = {isa = PBXFileReference; explicitFileType = wrapper.framework; includeInIndex = 0; path = Pods_testFirebase.framework; sourceTree = BUILT_PRODUCTS_DIR; };
		4EA8D484DEFA3E540DB019C9 /* Pods-testFirebase.debug.xcconfig */ = {isa = PBXFileReference; includeInIndex = 1; lastKnownFileType = text.xcconfig; name = "Pods-testFirebase.debug.xcconfig"; path = "Target Support Files/Pods-testFirebase/Pods-testFirebase.debug.xcconfig"; sourceTree = "<group>"; };
		B050A1342672720C00EABCA1 /* testFirebase.app */ = {isa = PBXFileReference; explicitFileType = wrapper.application; includeInIndex = 0; path = testFirebase.app; sourceTree = BUILT_PRODUCTS_DIR; };
		B050A1372672720C00EABCA1 /* AppDelegate.swift */ = {isa = PBXFileReference; lastKnownFileType = sourcecode.swift; path = AppDelegate.swift; sourceTree = "<group>"; };
		B050A1392672720C00EABCA1 /* SceneDelegate.swift */ = {isa = PBXFileReference; lastKnownFileType = sourcecode.swift; path = SceneDelegate.swift; sourceTree = "<group>"; };
		B050A13B2672720C00EABCA1 /* ViewController.swift */ = {isa = PBXFileReference; lastKnownFileType = sourcecode.swift; path = ViewController.swift; sourceTree = "<group>"; };
		B050A13E2672720C00EABCA1 /* Base */ = {isa = PBXFileReference; lastKnownFileType = file.storyboard; name = Base; path = Base.lproj/Main.storyboard; sourceTree = "<group>"; };
		B050A1402672720F00EABCA1 /* Assets.xcassets */ = {isa = PBXFileReference; lastKnownFileType = folder.assetcatalog; path = Assets.xcassets; sourceTree = "<group>"; };
		B050A1432672720F00EABCA1 /* Base */ = {isa = PBXFileReference; lastKnownFileType = file.storyboard; name = Base; path = Base.lproj/LaunchScreen.storyboard; sourceTree = "<group>"; };
		B050A1452672720F00EABCA1 /* Info.plist */ = {isa = PBXFileReference; lastKnownFileType = text.plist.xml; path = Info.plist; sourceTree = "<group>"; };
		B050A14C2672728200EABCA1 /* GoogleService-Info.plist */ = {isa = PBXFileReference; fileEncoding = 4; lastKnownFileType = text.plist.xml; path = "GoogleService-Info.plist"; sourceTree = "<group>"; };
		B0F718D3267281DF003B058E /* AuthUser.swift */ = {isa = PBXFileReference; lastKnownFileType = sourcecode.swift; path = AuthUser.swift; sourceTree = "<group>"; };
		B0F718D62672826A003B058E /* User.swift */ = {isa = PBXFileReference; lastKnownFileType = sourcecode.swift; path = User.swift; sourceTree = "<group>"; };
		B0F718D92672846B003B058E /* UserProfileViewController.swift */ = {isa = PBXFileReference; lastKnownFileType = sourcecode.swift; path = UserProfileViewController.swift; sourceTree = "<group>"; };
/* End PBXFileReference section */

/* Begin PBXFrameworksBuildPhase section */
		B050A1312672720C00EABCA1 /* Frameworks */ = {
			isa = PBXFrameworksBuildPhase;
			buildActionMask = 2147483647;
			files = (
				E7FEC0DCEA404C47EDF778B5 /* Pods_testFirebase.framework in Frameworks */,
			);
			runOnlyForDeploymentPostprocessing = 0;
		};
/* End PBXFrameworksBuildPhase section */

/* Begin PBXGroup section */
		B050A12B2672720C00EABCA1 = {
			isa = PBXGroup;
			children = (
				B050A1362672720C00EABCA1 /* testFirebase */,
				B050A1352672720C00EABCA1 /* Products */,
				D9762504FD191BC778550AB3 /* Pods */,
				F8FBABC60A4A1387E65F5B6A /* Frameworks */,
			);
			sourceTree = "<group>";
		};
		B050A1352672720C00EABCA1 /* Products */ = {
			isa = PBXGroup;
			children = (
				B050A1342672720C00EABCA1 /* testFirebase.app */,
			);
			name = Products;
			sourceTree = "<group>";
		};
		B050A1362672720C00EABCA1 /* testFirebase */ = {
			isa = PBXGroup;
			children = (
				B050A14C2672728200EABCA1 /* GoogleService-Info.plist */,
				B050A1372672720C00EABCA1 /* AppDelegate.swift */,
				B050A1392672720C00EABCA1 /* SceneDelegate.swift */,
				B050A13B2672720C00EABCA1 /* ViewController.swift */,
				B050A13D2672720C00EABCA1 /* Main.storyboard */,
				B050A1402672720F00EABCA1 /* Assets.xcassets */,
				B050A1422672720F00EABCA1 /* LaunchScreen.storyboard */,
				B050A1452672720F00EABCA1 /* Info.plist */,
				B0F718D3267281DF003B058E /* AuthUser.swift */,
				B0F718D62672826A003B058E /* User.swift */,
				B0F718D92672846B003B058E /* UserProfileViewController.swift */,
			);
			path = testFirebase;
			sourceTree = "<group>";
		};
		D9762504FD191BC778550AB3 /* Pods */ = {
			isa = PBXGroup;
			children = (
				4EA8D484DEFA3E540DB019C9 /* Pods-testFirebase.debug.xcconfig */,
				1BAFCA4DD375917B826B67C7 /* Pods-testFirebase.release.xcconfig */,
			);
			path = Pods;
			sourceTree = "<group>";
		};
		F8FBABC60A4A1387E65F5B6A /* Frameworks */ = {
			isa = PBXGroup;
			children = (
				4D806B1FD45A3FE0B7D231B6 /* Pods_testFirebase.framework */,
			);
			name = Frameworks;
			sourceTree = "<group>";
		};
/* End PBXGroup section */

/* Begin PBXNativeTarget section */
		B050A1332672720C00EABCA1 /* testFirebase */ = {
			isa = PBXNativeTarget;
			buildConfigurationList = B050A1482672720F00EABCA1 /* Build configuration list for PBXNativeTarget "testFirebase" */;
			buildPhases = (
				8149C0DCD600212E37A0BB37 /* [CP] Check Pods Manifest.lock */,
				B050A1302672720C00EABCA1 /* Sources */,
				B050A1312672720C00EABCA1 /* Frameworks */,
				B050A1322672720C00EABCA1 /* Resources */,
				5A1A8709203DAE6A44AB0601 /* [CP] Embed Pods Frameworks */,
			);
			buildRules = (
			);
			dependencies = (
			);
			name = testFirebase;
			productName = testFirebase;
			productReference = B050A1342672720C00EABCA1 /* testFirebase.app */;
			productType = "com.apple.product-type.application";
		};
/* End PBXNativeTarget section */

/* Begin PBXProject section */
		B050A12C2672720C00EABCA1 /* Project object */ = {
			isa = PBXProject;
			attributes = {
				LastSwiftUpdateCheck = 1240;
				LastUpgradeCheck = 1240;
				TargetAttributes = {
					B050A1332672720C00EABCA1 = {
						CreatedOnToolsVersion = 12.4;
					};
				};
			};
			buildConfigurationList = B050A12F2672720C00EABCA1 /* Build configuration list for PBXProject "testFirebase" */;
			compatibilityVersion = "Xcode 9.3";
			developmentRegion = en;
			hasScannedForEncodings = 0;
			knownRegions = (
				en,
				Base,
			);
			mainGroup = B050A12B2672720C00EABCA1;
			productRefGroup = B050A1352672720C00EABCA1 /* Products */;
			projectDirPath = "";
			projectRoot = "";
			targets = (
				B050A1332672720C00EABCA1 /* testFirebase */,
			);
		};
/* End PBXProject section */

/* Begin PBXResourcesBuildPhase section */
		B050A1322672720C00EABCA1 /* Resources */ = {
			isa = PBXResourcesBuildPhase;
			buildActionMask = 2147483647;
			files = (
				B050A1442672720F00EABCA1 /* LaunchScreen.storyboard in Resources */,
				B050A14D2672728200EABCA1 /* GoogleService-Info.plist in Resources */,
				B050A1412672720F00EABCA1 /* Assets.xcassets in Resources */,
				B050A13F2672720C00EABCA1 /* Main.storyboard in Resources */,
			);
			runOnlyForDeploymentPostprocessing = 0;
		};
/* End PBXResourcesBuildPhase section */

/* Begin PBXShellScriptBuildPhase section */
		5A1A8709203DAE6A44AB0601 /* [CP] Embed Pods Frameworks */ = {
			isa = PBXShellScriptBuildPhase;
			buildActionMask = 2147483647;
			files = (
			);
			inputFileListPaths = (
				"${PODS_ROOT}/Target Support Files/Pods-testFirebase/Pods-testFirebase-frameworks-${CONFIGURATION}-input-files.xcfilelist",
			);
			name = "[CP] Embed Pods Frameworks";
			outputFileListPaths = (
				"${PODS_ROOT}/Target Support Files/Pods-testFirebase/Pods-testFirebase-frameworks-${CONFIGURATION}-output-files.xcfilelist",
			);
			runOnlyForDeploymentPostprocessing = 0;
			shellPath = /bin/sh;
			shellScript = "\"${PODS_ROOT}/Target Support Files/Pods-testFirebase/Pods-testFirebase-frameworks.sh\"\n";
			showEnvVarsInLog = 0;
		};
		8149C0DCD600212E37A0BB37 /* [CP] Check Pods Manifest.lock */ = {
			isa = PBXShellScriptBuildPhase;
			buildActionMask = 2147483647;
			files = (
			);
			inputFileListPaths = (
			);
			inputPaths = (
				"${PODS_PODFILE_DIR_PATH}/Podfile.lock",
				"${PODS_ROOT}/Manifest.lock",
			);
			name = "[CP] Check Pods Manifest.lock";
			outputFileListPaths = (
			);
			outputPaths = (
				"$(DERIVED_FILE_DIR)/Pods-testFirebase-checkManifestLockResult.txt",
			);
			runOnlyForDeploymentPostprocessing = 0;
			shellPath = /bin/sh;
			shellScript = "diff \"${PODS_PODFILE_DIR_PATH}/Podfile.lock\" \"${PODS_ROOT}/Manifest.lock\" > /dev/null\nif [ $? != 0 ] ; then\n    # print error to STDERR\n    echo \"error: The sandbox is not in sync with the Podfile.lock. Run 'pod install' or update your CocoaPods installation.\" >&2\n    exit 1\nfi\n# This output is used by Xcode 'outputs' to avoid re-running this script phase.\necho \"SUCCESS\" > \"${SCRIPT_OUTPUT_FILE_0}\"\n";
			showEnvVarsInLog = 0;
		};
/* End PBXShellScriptBuildPhase section */

/* Begin PBXSourcesBuildPhase section */
		B050A1302672720C00EABCA1 /* Sources */ = {
			isa = PBXSourcesBuildPhase;
			buildActionMask = 2147483647;
			files = (
				B050A13C2672720C00EABCA1 /* ViewController.swift in Sources */,
				B0F718DA2672846B003B058E /* UserProfileViewController.swift in Sources */,
				B050A1382672720C00EABCA1 /* AppDelegate.swift in Sources */,
				B050A13A2672720C00EABCA1 /* SceneDelegate.swift in Sources */,
				B0F718D72672826A003B058E /* User.swift in Sources */,
				B0F718D4267281DF003B058E /* AuthUser.swift in Sources */,
			);
			runOnlyForDeploymentPostprocessing = 0;
		};
/* End PBXSourcesBuildPhase section */

/* Begin PBXVariantGroup section */
		B050A13D2672720C00EABCA1 /* Main.storyboard */ = {
			isa = PBXVariantGroup;
			children = (
				B050A13E2672720C00EABCA1 /* Base */,
			);
			name = Main.storyboard;
			sourceTree = "<group>";
		};
		B050A1422672720F00EABCA1 /* LaunchScreen.storyboard */ = {
			isa = PBXVariantGroup;
			children = (
				B050A1432672720F00EABCA1 /* Base */,
			);
			name = LaunchScreen.storyboard;
			sourceTree = "<group>";
		};
/* End PBXVariantGroup section */

/* Begin XCBuildConfiguration section */
		B050A1462672720F00EABCA1 /* Debug */ = {
			isa = XCBuildConfiguration;
			buildSettings = {
				ALWAYS_SEARCH_USER_PATHS = NO;
				CLANG_ANALYZER_NONNULL = YES;
				CLANG_ANALYZER_NUMBER_OBJECT_CONVERSION = YES_AGGRESSIVE;
				CLANG_CXX_LANGUAGE_STANDARD = "gnu++14";
				CLANG_CXX_LIBRARY = "libc++";
				CLANG_ENABLE_MODULES = YES;
				CLANG_ENABLE_OBJC_ARC = YES;
				CLANG_ENABLE_OBJC_WEAK = YES;
				CLANG_WARN_BLOCK_CAPTURE_AUTORELEASING = YES;
				CLANG_WARN_BOOL_CONVERSION = YES;
				CLANG_WARN_COMMA = YES;
				CLANG_WARN_CONSTANT_CONVERSION = YES;
				CLANG_WARN_DEPRECATED_OBJC_IMPLEMENTATIONS = YES;
				CLANG_WARN_DIRECT_OBJC_ISA_USAGE = YES_ERROR;
				CLANG_WARN_DOCUMENTATION_COMMENTS = YES;
				CLANG_WARN_EMPTY_BODY = YES;
				CLANG_WARN_ENUM_CONVERSION = YES;
				CLANG_WARN_INFINITE_RECURSION = YES;
				CLANG_WARN_INT_CONVERSION = YES;
				CLANG_WARN_NON_LITERAL_NULL_CONVERSION = YES;
				CLANG_WARN_OBJC_IMPLICIT_RETAIN_SELF = YES;
				CLANG_WARN_OBJC_LITERAL_CONVERSION = YES;
				CLANG_WARN_OBJC_ROOT_CLASS = YES_ERROR;
				CLANG_WARN_QUOTED_INCLUDE_IN_FRAMEWORK_HEADER = YES;
				CLANG_WARN_RANGE_LOOP_ANALYSIS = YES;
				CLANG_WARN_STRICT_PROTOTYPES = YES;
				CLANG_WARN_SUSPICIOUS_MOVE = YES;
				CLANG_WARN_UNGUARDED_AVAILABILITY = YES_AGGRESSIVE;
				CLANG_WARN_UNREACHABLE_CODE = YES;
				CLANG_WARN__DUPLICATE_METHOD_MATCH = YES;
				COPY_PHASE_STRIP = NO;
				DEBUG_INFORMATION_FORMAT = dwarf;
				ENABLE_STRICT_OBJC_MSGSEND = YES;
				ENABLE_TESTABILITY = YES;
				GCC_C_LANGUAGE_STANDARD = gnu11;
				GCC_DYNAMIC_NO_PIC = NO;
				GCC_NO_COMMON_BLOCKS = YES;
				GCC_OPTIMIZATION_LEVEL = 0;
				GCC_PREPROCESSOR_DEFINITIONS = (
					"DEBUG=1",
					"$(inherited)",
				);
				GCC_WARN_64_TO_32_BIT_CONVERSION = YES;
				GCC_WARN_ABOUT_RETURN_TYPE = YES_ERROR;
				GCC_WARN_UNDECLARED_SELECTOR = YES;
				GCC_WARN_UNINITIALIZED_AUTOS = YES_AGGRESSIVE;
				GCC_WARN_UNUSED_FUNCTION = YES;
				GCC_WARN_UNUSED_VARIABLE = YES;
				IPHONEOS_DEPLOYMENT_TARGET = 14.4;
				MTL_ENABLE_DEBUG_INFO = INCLUDE_SOURCE;
				MTL_FAST_MATH = YES;
				ONLY_ACTIVE_ARCH = YES;
				SDKROOT = iphoneos;
				SWIFT_ACTIVE_COMPILATION_CONDITIONS = DEBUG;
				SWIFT_OPTIMIZATION_LEVEL = "-Onone";
			};
			name = Debug;
		};
		B050A1472672720F00EABCA1 /* Release */ = {
			isa = XCBuildConfiguration;
			buildSettings = {
				ALWAYS_SEARCH_USER_PATHS = NO;
				CLANG_ANALYZER_NONNULL = YES;
				CLANG_ANALYZER_NUMBER_OBJECT_CONVERSION = YES_AGGRESSIVE;
				CLANG_CXX_LANGUAGE_STANDARD = "gnu++14";
				CLANG_CXX_LIBRARY = "libc++";
				CLANG_ENABLE_MODULES = YES;
				CLANG_ENABLE_OBJC_ARC = YES;
				CLANG_ENABLE_OBJC_WEAK = YES;
				CLANG_WARN_BLOCK_CAPTURE_AUTORELEASING = YES;
				CLANG_WARN_BOOL_CONVERSION = YES;
				CLANG_WARN_COMMA = YES;
				CLANG_WARN_CONSTANT_CONVERSION = YES;
				CLANG_WARN_DEPRECATED_OBJC_IMPLEMENTATIONS = YES;
				CLANG_WARN_DIRECT_OBJC_ISA_USAGE = YES_ERROR;
				CLANG_WARN_DOCUMENTATION_COMMENTS = YES;
				CLANG_WARN_EMPTY_BODY = YES;
				CLANG_WARN_ENUM_CONVERSION = YES;
				CLANG_WARN_INFINITE_RECURSION = YES;
				CLANG_WARN_INT_CONVERSION = YES;
				CLANG_WARN_NON_LITERAL_NULL_CONVERSION = YES;
				CLANG_WARN_OBJC_IMPLICIT_RETAIN_SELF = YES;
				CLANG_WARN_OBJC_LITERAL_CONVERSION = YES;
				CLANG_WARN_OBJC_ROOT_CLASS = YES_ERROR;
				CLANG_WARN_QUOTED_INCLUDE_IN_FRAMEWORK_HEADER = YES;
				CLANG_WARN_RANGE_LOOP_ANALYSIS = YES;
				CLANG_WARN_STRICT_PROTOTYPES = YES;
				CLANG_WARN_SUSPICIOUS_MOVE = YES;
				CLANG_WARN_UNGUARDED_AVAILABILITY = YES_AGGRESSIVE;
				CLANG_WARN_UNREACHABLE_CODE = YES;
				CLANG_WARN__DUPLICATE_METHOD_MATCH = YES;
				COPY_PHASE_STRIP = NO;
				DEBUG_INFORMATION_FORMAT = "dwarf-with-dsym";
				ENABLE_NS_ASSERTIONS = NO;
				ENABLE_STRICT_OBJC_MSGSEND = YES;
				GCC_C_LANGUAGE_STANDARD = gnu11;
				GCC_NO_COMMON_BLOCKS = YES;
				GCC_WARN_64_TO_32_BIT_CONVERSION = YES;
				GCC_WARN_ABOUT_RETURN_TYPE = YES_ERROR;
				GCC_WARN_UNDECLARED_SELECTOR = YES;
				GCC_WARN_UNINITIALIZED_AUTOS = YES_AGGRESSIVE;
				GCC_WARN_UNUSED_FUNCTION = YES;
				GCC_WARN_UNUSED_VARIABLE = YES;
				IPHONEOS_DEPLOYMENT_TARGET = 14.4;
				MTL_ENABLE_DEBUG_INFO = NO;
				MTL_FAST_MATH = YES;
				SDKROOT = iphoneos;
				SWIFT_COMPILATION_MODE = wholemodule;
				SWIFT_OPTIMIZATION_LEVEL = "-O";
				VALIDATE_PRODUCT = YES;
			};
			name = Release;
		};
		B050A1492672720F00EABCA1 /* Debug */ = {
			isa = XCBuildConfiguration;
			baseConfigurationReference = 4EA8D484DEFA3E540DB019C9 /* Pods-testFirebase.debug.xcconfig */;
			buildSettings = {
				ASSETCATALOG_COMPILER_APPICON_NAME = AppIcon;
				ASSETCATALOG_COMPILER_GLOBAL_ACCENT_COLOR_NAME = AccentColor;
				CODE_SIGN_STYLE = Automatic;
				DEVELOPMENT_TEAM = DLG2TN82XY;
				INFOPLIST_FILE = testFirebase/Info.plist;
				LD_RUNPATH_SEARCH_PATHS = (
					"$(inherited)",
					"@executable_path/Frameworks",
				);
				PRODUCT_BUNDLE_IDENTIFIER = com.tecsup.testFirebase;
				PRODUCT_NAME = "$(TARGET_NAME)";
				SWIFT_VERSION = 5.0;
				TARGETED_DEVICE_FAMILY = "1,2";
			};
			name = Debug;
		};
		B050A14A2672720F00EABCA1 /* Release */ = {
			isa = XCBuildConfiguration;
			baseConfigurationReference = 1BAFCA4DD375917B826B67C7 /* Pods-testFirebase.release.xcconfig */;
			buildSettings = {
				ASSETCATALOG_COMPILER_APPICON_NAME = AppIcon;
				ASSETCATALOG_COMPILER_GLOBAL_ACCENT_COLOR_NAME = AccentColor;
				CODE_SIGN_STYLE = Automatic;
				DEVELOPMENT_TEAM = DLG2TN82XY;
				INFOPLIST_FILE = testFirebase/Info.plist;
				LD_RUNPATH_SEARCH_PATHS = (
					"$(inherited)",
					"@executable_path/Frameworks",
				);
				PRODUCT_BUNDLE_IDENTIFIER = com.tecsup.testFirebase;
				PRODUCT_NAME = "$(TARGET_NAME)";
				SWIFT_VERSION = 5.0;
				TARGETED_DEVICE_FAMILY = "1,2";
			};
			name = Release;
		};
/* End XCBuildConfiguration section */

/* Begin XCConfigurationList section */
		B050A12F2672720C00EABCA1 /* Build configuration list for PBXProject "testFirebase" */ = {
			isa = XCConfigurationList;
			buildConfigurations = (
				B050A1462672720F00EABCA1 /* Debug */,
				B050A1472672720F00EABCA1 /* Release */,
			);
			defaultConfigurationIsVisible = 0;
			defaultConfigurationName = Release;
		};
		B050A1482672720F00EABCA1 /* Build configuration list for PBXNativeTarget "testFirebase" */ = {
			isa = XCConfigurationList;
			buildConfigurations = (
				B050A1492672720F00EABCA1 /* Debug */,
				B050A14A2672720F00EABCA1 /* Release */,
			);
			defaultConfigurationIsVisible = 0;
			defaultConfigurationName = Release;
		};
/* End XCConfigurationList section */
	};
	rootObject = B050A12C2672720C00EABCA1 /* Project object */;
}
